// !$*UTF8*$!
{
	archiveVersion = 1;
	classes = {
	};
	objectVersion = 77;
	objects = {

/* Begin PBXBuildFile section */
		78FE83782FD766E400AB6443 /* AppDelegate.swift in Sources */ = {isa = PBXBuildFile; fileRef = 78FE83772FD766E400AB6443 /* AppDelegate.swift */; };
		78FE837A2FD766E400AB6443 /* SceneDelegate.swift in Sources */ = {isa = PBXBuildFile; fileRef = 78FE83792FD766E400AB6443 /* SceneDelegate.swift */; };
		78FE837D2FD766E400AB6443 /* LaunchScreen.storyboard in Resources */ = {isa = PBXBuildFile; fileRef = 78FE837B2FD766E400AB6443 /* LaunchScreen.storyboard */; };
		78FE83802FD766E400AB6443 /* Main.storyboard in Resources */ = {isa = PBXBuildFile; fileRef = 78FE837E2FD766E400AB6443 /* Main.storyboard */; };
		78FE83892FD766E400AB6443 /* AppDelegate.swift in Sources */ = {isa = PBXBuildFile; fileRef = 78FE83882FD766E400AB6443 /* AppDelegate.swift */; };
		78FE838C2FD766E400AB6443 /* Main.storyboard in Resources */ = {isa = PBXBuildFile; fileRef = 78FE838A2FD766E400AB6443 /* Main.storyboard */; };
		78FE83932FD766E400AB6443 /* Brijio Extension.appex in Embed Foundation Extensions */ = {isa = PBXBuildFile; fileRef = 78FE83922FD766E400AB6443 /* Brijio Extension.appex */; settings = {ATTRIBUTES = (RemoveHeadersOnCopy, ); }; };
		78FE839D2FD766E400AB6443 /* Brijio Extension.appex in Embed Foundation Extensions */ = {isa = PBXBuildFile; fileRef = 78FE839C2FD766E400AB6443 /* Brijio Extension.appex */; settings = {ATTRIBUTES = (RemoveHeadersOnCopy, ); }; };
		78FE83A22FD766E400AB6443 /* Main.html in Resources */ = {isa = PBXBuildFile; fileRef = 78FE83672FD766E300AB6443 /* Main.html */; };
		78FE83A32FD766E400AB6443 /* Main.html in Resources */ = {isa = PBXBuildFile; fileRef = 78FE83672FD766E300AB6443 /* Main.html */; };
		78FE83A42FD766E400AB6443 /* Icon.png in Resources */ = {isa = PBXBuildFile; fileRef = 78FE83692FD766E300AB6443 /* Icon.png */; };
		78FE83A52FD766E400AB6443 /* Icon.png in Resources */ = {isa = PBXBuildFile; fileRef = 78FE83692FD766E300AB6443 /* Icon.png */; };
		78FE83A62FD766E400AB6443 /* Style.css in Resources */ = {isa = PBXBuildFile; fileRef = 78FE836A2FD766E300AB6443 /* Style.css */; };
		78FE83A72FD766E400AB6443 /* Style.css in Resources */ = {isa = PBXBuildFile; fileRef = 78FE836A2FD766E300AB6443 /* Style.css */; };
		78FE83A82FD766E400AB6443 /* Script.js in Resources */ = {isa = PBXBuildFile; fileRef = 78FE836B2FD766E300AB6443 /* Script.js */; };
		78FE83A92FD766E400AB6443 /* Script.js in Resources */ = {isa = PBXBuildFile; fileRef = 78FE836B2FD766E300AB6443 /* Script.js */; };
		78FE83AA2FD766E400AB6443 /* ViewController.swift in Sources */ = {isa = PBXBuildFile; fileRef = 78FE836C2FD766E300AB6443 /* ViewController.swift */; };
		78FE83AB2FD766E400AB6443 /* ViewController.swift in Sources */ = {isa = PBXBuildFile; fileRef = 78FE836C2FD766E300AB6443 /* ViewController.swift */; };
		78FE83AC2FD766E400AB6443 /* Assets.xcassets in Resources */ = {isa = PBXBuildFile; fileRef = 78FE836D2FD766E400AB6443 /* Assets.xcassets */; };
		78FE83AD2FD766E400AB6443 /* Assets.xcassets in Resources */ = {isa = PBXBuildFile; fileRef = 78FE836D2FD766E400AB6443 /* Assets.xcassets */; };
		78FE83AE2FD766E400AB6443 /* SafariWebExtensionHandler.swift in Sources */ = {isa = PBXBuildFile; fileRef = 78FE836F2FD766E400AB6443 /* SafariWebExtensionHandler.swift */; };
		78FE83AF2FD766E400AB6443 /* SafariWebExtensionHandler.swift in Sources */ = {isa = PBXBuildFile; fileRef = 78FE836F2FD766E400AB6443 /* SafariWebExtensionHandler.swift */; };
		78FE83C72FD766E500AB6443 /* popup.js in Resources */ = {isa = PBXBuildFile; fileRef = 78FE83C12FD766E500AB6443 /* popup.js */; };
		78FE83C82FD766E500AB6443 /* background.js in Resources */ = {isa = PBXBuildFile; fileRef = 78FE83C22FD766E500AB6443 /* background.js */; };
		78FE83C92FD766E500AB6443 /* popup.html in Resources */ = {isa = PBXBuildFile; fileRef = 78FE83C32FD766E500AB6443 /* popup.html */; };
		78FE83CA2FD766E500AB6443 /* icons in Resources */ = {isa = PBXBuildFile; fileRef = 78FE83C42FD766E500AB6443 /* icons */; };
		78FE83CB2FD766E500AB6443 /* manifest.json in Resources */ = {isa = PBXBuildFile; fileRef = 78FE83C52FD766E500AB6443 /* manifest.json */; };
		78FE83CC2FD766E500AB6443 /* content.js in Resources */ = {isa = PBXBuildFile; fileRef = 78FE83C62FD766E500AB6443 /* content.js */; };
		78FE83CD2FD766E500AB6443 /* popup.js in Resources */ = {isa = PBXBuildFile; fileRef = 78FE83C12FD766E500AB6443 /* popup.js */; };
		78FE83CE2FD766E500AB6443 /* background.js in Resources */ = {isa = PBXBuildFile; fileRef = 78FE83C22FD766E500AB6443 /* background.js */; };
		78FE83CF2FD766E500AB6443 /* popup.html in Resources */ = {isa = PBXBuildFile; fileRef = 78FE83C32FD766E500AB6443 /* popup.html */; };
		78FE83D02FD766E500AB6443 /* icons in Resources */ = {isa = PBXBuildFile; fileRef = 78FE83C42FD766E500AB6443 /* icons */; };
		78FE83D12FD766E500AB6443 /* manifest.json in Resources */ = {isa = PBXBuildFile; fileRef = 78FE83C52FD766E500AB6443 /* manifest.json */; };
		78FE83D22FD766E500AB6443 /* content.js in Resources */ = {isa = PBXBuildFile; fileRef = 78FE83C62FD766E500AB6443 /* content.js */; };
/* End PBXBuildFile section */

/* Begin PBXContainerItemProxy section */
		78FE83942FD766E400AB6443 /* PBXContainerItemProxy */ = {
			isa = PBXContainerItemProxy;
			containerPortal = 78FE83612FD766E300AB6443 /* Project object */;
			proxyType = 1;
			remoteGlobalIDString = 78FE83912FD766E400AB6443;
			remoteInfo = "Brijio Extension (iOS)";
		};
		78FE839E2FD766E400AB6443 /* PBXContainerItemProxy */ = {
			isa = PBXContainerItemProxy;
			containerPortal = 78FE83612FD766E300AB6443 /* Project object */;
			proxyType = 1;
			remoteGlobalIDString = 78FE839B2FD766E400AB6443;
			remoteInfo = "Brijio Extension (macOS)";
		};
/* End PBXContainerItemProxy section */

/* Begin PBXCopyFilesBuildPhase section */
		78FE83B52FD766E400AB6443 /* Embed Foundation Extensions */ = {
			isa = PBXCopyFilesBuildPhase;
			buildActionMask = 2147483647;
			dstPath = "";
			dstSubfolderSpec = 13;
			files = (
				78FE83932FD766E400AB6443 /* Brijio Extension.appex in Embed Foundation Extensions */,
			);
			name = "Embed Foundation Extensions";
			runOnlyForDeploymentPostprocessing = 0;
		};
		78FE83BC2FD766E400AB6443 /* Embed Foundation Extensions */ = {
			isa = PBXCopyFilesBuildPhase;
			buildActionMask = 2147483647;
			dstPath = "";
			dstSubfolderSpec = 13;
			files = (
				78FE839D2FD766E400AB6443 /* Brijio Extension.appex in Embed Foundation Extensions */,
			);
			name = "Embed Foundation Extensions";
			runOnlyForDeploymentPostprocessing = 0;
		};
/* End PBXCopyFilesBuildPhase section */

/* Begin PBXFileReference section */
		78FE83682FD766E300AB6443 /* Base */ = {isa = PBXFileReference; lastKnownFileType = text.html; name = Base; path = Base.lproj/Main.html; sourceTree = "<group>"; };
		78FE83692FD766E300AB6443 /* Icon.png */ = {isa = PBXFileReference; lastKnownFileType = image.png; path = Icon.png; sourceTree = "<group>"; };
		78FE836A2FD766E300AB6443 /* Style.css */ = {isa = PBXFileReference; lastKnownFileType = text.css; path = Style.css; sourceTree = "<group>"; };
		78FE836B2FD766E300AB6443 /* Script.js */ = {isa = PBXFileReference; lastKnownFileType = sourcecode.javascript; path = Script.js; sourceTree = "<group>"; };
		78FE836C2FD766E300AB6443 /* ViewController.swift */ = {isa = PBXFileReference; lastKnownFileType = sourcecode.swift; path = ViewController.swift; sourceTree = "<group>"; };
		78FE836D2FD766E400AB6443 /* Assets.xcassets */ = {isa = PBXFileReference; lastKnownFileType = folder.assetcatalog; path = Assets.xcassets; sourceTree = "<group>"; };
		78FE836F2FD766E400AB6443 /* SafariWebExtensionHandler.swift */ = {isa = PBXFileReference; lastKnownFileType = sourcecode.swift; path = SafariWebExtensionHandler.swift; sourceTree = "<group>"; };
		78FE83742FD766E400AB6443 /* Brijio.app */ = {isa = PBXFileReference; explicitFileType = wrapper.application; includeInIndex = 0; path = Brijio.app; sourceTree = BUILT_PRODUCTS_DIR; };
		78FE83772FD766E400AB6443 /* AppDelegate.swift */ = {isa = PBXFileReference; lastKnownFileType = sourcecode.swift; path = AppDelegate.swift; sourceTree = "<group>"; };
		78FE83792FD766E400AB6443 /* SceneDelegate.swift */ = {isa = PBXFileReference; lastKnownFileType = sourcecode.swift; path = SceneDelegate.swift; sourceTree = "<group>"; };
		78FE837C2FD766E400AB6443 /* Base */ = {isa = PBXFileReference; lastKnownFileType = file.storyboard; name = Base; path = Base.lproj/LaunchScreen.storyboard; sourceTree = "<group>"; };
		78FE837F2FD766E400AB6443 /* Base */ = {isa = PBXFileReference; lastKnownFileType = file.storyboard; name = Base; path = Base.lproj/Main.storyboard; sourceTree = "<group>"; };
		78FE83812FD766E400AB6443 /* Info.plist */ = {isa = PBXFileReference; lastKnownFileType = text.plist.xml; path = Info.plist; sourceTree = "<group>"; };
		78FE83862FD766E400AB6443 /* Brijio.app */ = {isa = PBXFileReference; explicitFileType = wrapper.application; includeInIndex = 0; path = Brijio.app; sourceTree = BUILT_PRODUCTS_DIR; };
		78FE83882FD766E400AB6443 /* AppDelegate.swift */ = {isa = PBXFileReference; lastKnownFileType = sourcecode.swift; path = AppDelegate.swift; sourceTree = "<group>"; };
		78FE838B2FD766E400AB6443 /* Base */ = {isa = PBXFileReference; lastKnownFileType = file.storyboard; name = Base; path = Base.lproj/Main.storyboard; sourceTree = "<group>"; };
		78FE838D2FD766E400AB6443 /* Info.plist */ = {isa = PBXFileReference; lastKnownFileType = text.plist.xml; path = Info.plist; sourceTree = "<group>"; };
		78FE83922FD766E400AB6443 /* Brijio Extension.appex */ = {isa = PBXFileReference; explicitFileType = "wrapper.app-extension"; includeInIndex = 0; path = "Brijio Extension.appex"; sourceTree = BUILT_PRODUCTS_DIR; };
		78FE83972FD766E400AB6443 /* Info.plist */ = {isa = PBXFileReference; lastKnownFileType = text.plist.xml; path = Info.plist; sourceTree = "<group>"; };
		78FE839C2FD766E400AB6443 /* Brijio Extension.appex */ = {isa = PBXFileReference; explicitFileType = "wrapper.app-extension"; includeInIndex = 0; path = "Brijio Extension.appex"; sourceTree = BUILT_PRODUCTS_DIR; };
		78FE83A12FD766E400AB6443 /* Info.plist */ = {isa = PBXFileReference; lastKnownFileType = text.plist.xml; path = Info.plist; sourceTree = "<group>"; };
		78FE83C12FD766E500AB6443 /* popup.js */ = {isa = PBXFileReference; lastKnownFileType = sourcecode.javascript; name = popup.js; path = ../../../dist/popup.js; sourceTree = "<group>"; };
		78FE83C22FD766E500AB6443 /* background.js */ = {isa = PBXFileReference; lastKnownFileType = sourcecode.javascript; name = background.js; path = ../../../dist/background.js; sourceTree = "<group>"; };
		78FE83C32FD766E500AB6443 /* popup.html */ = {isa = PBXFileReference; lastKnownFileType = text.html; name = popup.html; path = ../../../dist/popup.html; sourceTree = "<group>"; };
		78FE83C42FD766E500AB6443 /* icons */ = {isa = PBXFileReference; lastKnownFileType = folder; name = icons; path = ../../../dist/icons; sourceTree = "<group>"; };
		78FE83C52FD766E500AB6443 /* manifest.json */ = {isa = PBXFileReference; lastKnownFileType = text.json; name = manifest.json; path = ../../../dist/manifest.json; sourceTree = "<group>"; };
		78FE83C62FD766E500AB6443 /* content.js */ = {isa = PBXFileReference; lastKnownFileType = sourcecode.javascript; name = content.js; path = ../../../dist/content.js; sourceTree = "<group>"; };
/* End PBXFileReference section */

/* Begin PBXFrameworksBuildPhase section */
		78FE83712FD766E400AB6443 /* Frameworks */ = {
			isa = PBXFrameworksBuildPhase;
			buildActionMask = 2147483647;
			files = (
			);
			runOnlyForDeploymentPostprocessing = 0;
		};
		78FE83832FD766E400AB6443 /* Frameworks */ = {
			isa = PBXFrameworksBuildPhase;
			buildActionMask = 2147483647;
			files = (
			);
			runOnlyForDeploymentPostprocessing = 0;
		};
		78FE838F2FD766E400AB6443 /* Frameworks */ = {
			isa = PBXFrameworksBuildPhase;
			buildActionMask = 2147483647;
			files = (
			);
			runOnlyForDeploymentPostprocessing = 0;
		};
		78FE83992FD766E400AB6443 /* Frameworks */ = {
			isa = PBXFrameworksBuildPhase;
			buildActionMask = 2147483647;
			files = (
			);
			runOnlyForDeploymentPostprocessing = 0;
		};
/* End PBXFrameworksBuildPhase section */

/* Begin PBXGroup section */
		78FE83602FD766E300AB6443 = {
			isa = PBXGroup;
			children = (
				78FE83652FD766E300AB6443 /* Shared (App) */,
				78FE836E2FD766E400AB6443 /* Shared (Extension) */,
				78FE83762FD766E400AB6443 /* iOS (App) */,
				78FE83872FD766E400AB6443 /* macOS (App) */,
				78FE83962FD766E400AB6443 /* iOS (Extension) */,
				78FE83A02FD766E400AB6443 /* macOS (Extension) */,
				78FE83752FD766E400AB6443 /* Products */,
			);
			sourceTree = "<group>";
		};
		78FE83652FD766E300AB6443 /* Shared (App) */ = {
			isa = PBXGroup;
			children = (
				78FE836C2FD766E300AB6443 /* ViewController.swift */,
				78FE836D2FD766E400AB6443 /* Assets.xcassets */,
				78FE83662FD766E300AB6443 /* Resources */,
			);
			path = "Shared (App)";
			sourceTree = "<group>";
		};
		78FE83662FD766E300AB6443 /* Resources */ = {
			isa = PBXGroup;
			children = (
				78FE83672FD766E300AB6443 /* Main.html */,
				78FE83692FD766E300AB6443 /* Icon.png */,
				78FE836A2FD766E300AB6443 /* Style.css */,
				78FE836B2FD766E300AB6443 /* Script.js */,
			);
			path = Resources;
			sourceTree = "<group>";
		};
		78FE836E2FD766E400AB6443 /* Shared (Extension) */ = {
			isa = PBXGroup;
			children = (
				78FE83C02FD766E500AB6443 /* Resources */,
				78FE836F2FD766E400AB6443 /* SafariWebExtensionHandler.swift */,
			);
			path = "Shared (Extension)";
			sourceTree = "<group>";
		};
		78FE83752FD766E400AB6443 /* Products */ = {
			isa = PBXGroup;
			children = (
				78FE83742FD766E400AB6443 /* Brijio.app */,
				78FE83862FD766E400AB6443 /* Brijio.app */,
				78FE83922FD766E400AB6443 /* Brijio Extension.appex */,
				78FE839C2FD766E400AB6443 /* Brijio Extension.appex */,
			);
			name = Products;
			sourceTree = "<group>";
		};
		78FE83762FD766E400AB6443 /* iOS (App) */ = {
			isa = PBXGroup;
			children = (
				78FE83772FD766E400AB6443 /* AppDelegate.swift */,
				78FE83792FD766E400AB6443 /* SceneDelegate.swift */,
				78FE837B2FD766E400AB6443 /* LaunchScreen.storyboard */,
				78FE837E2FD766E400AB6443 /* Main.storyboard */,
				78FE83812FD766E400AB6443 /* Info.plist */,
			);
			path = "iOS (App)";
			sourceTree = "<group>";
		};
		78FE83872FD766E400AB6443 /* macOS (App) */ = {
			isa = PBXGroup;
			children = (
				78FE83882FD766E400AB6443 /* AppDelegate.swift */,
				78FE838A2FD766E400AB6443 /* Main.storyboard */,
				78FE838D2FD766E400AB6443 /* Info.plist */,
			);
			path = "macOS (App)";
			sourceTree = "<group>";
		};
		78FE83962FD766E400AB6443 /* iOS (Extension) */ = {
			isa = PBXGroup;
			children = (
				78FE83972FD766E400AB6443 /* Info.plist */,
			);
			path = "iOS (Extension)";
			sourceTree = "<group>";
		};
		78FE83A02FD766E400AB6443 /* macOS (Extension) */ = {
			isa = PBXGroup;
			children = (
				78FE83A12FD766E400AB6443 /* Info.plist */,
			);
			path = "macOS (Extension)";
			sourceTree = "<group>";
		};
		78FE83C02FD766E500AB6443 /* Resources */ = {
			isa = PBXGroup;
			children = (
				78FE83C12FD766E500AB6443 /* popup.js */,
				78FE83C22FD766E500AB6443 /* background.js */,
				78FE83C32FD766E500AB6443 /* popup.html */,
				78FE83C42FD766E500AB6443 /* icons */,
				78FE83C52FD766E500AB6443 /* manifest.json */,
				78FE83C62FD766E500AB6443 /* content.js */,
			);
			name = Resources;
			path = "Shared (Extension)";
			sourceTree = SOURCE_ROOT;
		};
/* End PBXGroup section */

/* Begin PBXNativeTarget section */
		78FE83732FD766E400AB6443 /* Brijio (iOS) */ = {
			isa = PBXNativeTarget;
			buildConfigurationList = 78FE83B62FD766E400AB6443 /* Build configuration list for PBXNativeTarget "Brijio (iOS)" */;
			buildPhases = (
				78FE83702FD766E400AB6443 /* Sources */,
				78FE83712FD766E400AB6443 /* Frameworks */,
				78FE83722FD766E400AB6443 /* Resources */,
				78FE83B52FD766E400AB6443 /* Embed Foundation Extensions */,
			);
			buildRules = (
			);
			dependencies = (
				78FE83952FD766E400AB6443 /* PBXTargetDependency */,
			);
			name = "Brijio (iOS)";
			packageProductDependencies = (
			);
			productName = "Brijio (iOS)";
			productReference = 78FE83742FD766E400AB6443 /* Brijio.app */;
			productType = "com.apple.product-type.application";
		};
		78FE83852FD766E400AB6443 /* Brijio (macOS) */ = {
			isa = PBXNativeTarget;
			buildConfigurationList = 78FE83BD2FD766E400AB6443 /* Build configuration list for PBXNativeTarget "Brijio (macOS)" */;
			buildPhases = (
				78FE83822FD766E400AB6443 /* Sources */,
				78FE83832FD766E400AB6443 /* Frameworks */,
				78FE83842FD766E400AB6443 /* Resources */,
				78FE83BC2FD766E400AB6443 /* Embed Foundation Extensions */,
			);
			buildRules = (
			);
			dependencies = (
				78FE839F2FD766E400AB6443 /* PBXTargetDependency */,
			);
			name = "Brijio (macOS)";
			packageProductDependencies = (
			);
			productName = "Brijio (macOS)";
			productReference = 78FE83862FD766E400AB6443 /* Brijio.app */;
			productType = "com.apple.product-type.application";
		};
		78FE83912FD766E400AB6443 /* Brijio Extension (iOS) */ = {
			isa = PBXNativeTarget;
			buildConfigurationList = 78FE83B22FD766E400AB6443 /* Build configuration list for PBXNativeTarget "Brijio Extension (iOS)" */;
			buildPhases = (
				78FE838E2FD766E400AB6443 /* Sources */,
				78FE838F2FD766E400AB6443 /* Frameworks */,
				78FE83902FD766E400AB6443 /* Resources */,
			);
			buildRules = (
			);
			dependencies = (
			);
			name = "Brijio Extension (iOS)";
			packageProductDependencies = (
			);
			productName = "Brijio Extension (iOS)";
			productReference = 78FE83922FD766E400AB6443 /* Brijio Extension.appex */;
			productType = "com.apple.product-type.app-extension";
		};
		78FE839B2FD766E400AB6443 /* Brijio Extension (macOS) */ = {
			isa = PBXNativeTarget;
			buildConfigurationList = 78FE83B92FD766E400AB6443 /* Build configuration list for PBXNativeTarget "Brijio Extension (macOS)" */;
			buildPhases = (
				78FE83982FD766E400AB6443 /* Sources */,
				78FE83992FD766E400AB6443 /* Frameworks */,
				78FE839A2FD766E400AB6443 /* Resources */,
			);
			buildRules = (
			);
			dependencies = (
			);
			name = "Brijio Extension (macOS)";
			packageProductDependencies = (
			);
			productName = "Brijio Extension (macOS)";
			productReference = 78FE839C2FD766E400AB6443 /* Brijio Extension.appex */;
			productType = "com.apple.product-type.app-extension";
		};
/* End PBXNativeTarget section */

/* Begin PBXProject section */
		78FE83612FD766E300AB6443 /* Project object */ = {
			isa = PBXProject;
			attributes = {
				BuildIndependentTargetsInParallel = 1;
				LastSwiftUpdateCheck = 2630;
				LastUpgradeCheck = 2630;
				TargetAttributes = {
					78FE83732FD766E400AB6443 = {
						CreatedOnToolsVersion = 26.3;
					};
					78FE83852FD766E400AB6443 = {
						CreatedOnToolsVersion = 26.3;
					};
					78FE83912FD766E400AB6443 = {
						CreatedOnToolsVersion = 26.3;
					};
					78FE839B2FD766E400AB6443 = {
						CreatedOnToolsVersion = 26.3;
					};
				};
			};
			buildConfigurationList = 78FE83642FD766E300AB6443 /* Build configuration list for PBXProject "Brijio" */;
			developmentRegion = en;
			hasScannedForEncodings = 0;
			knownRegions = (
				en,
				Base,
			);
			mainGroup = 78FE83602FD766E300AB6443;
			minimizedProjectReferenceProxies = 1;
			preferredProjectObjectVersion = 77;
			productRefGroup = 78FE83752FD766E400AB6443 /* Products */;
			projectDirPath = "";
			projectRoot = "";
			targets = (
				78FE83732FD766E400AB6443 /* Brijio (iOS) */,
				78FE83852FD766E400AB6443 /* Brijio (macOS) */,
				78FE83912FD766E400AB6443 /* Brijio Extension (iOS) */,
				78FE839B2FD766E400AB6443 /* Brijio Extension (macOS) */,
			);
		};
/* End PBXProject section */

/* Begin PBXResourcesBuildPhase section */
		78FE83722FD766E400AB6443 /* Resources */ = {
			isa = PBXResourcesBuildPhase;
			buildActionMask = 2147483647;
			files = (
				78FE83A42FD766E400AB6443 /* Icon.png in Resources */,
				78FE837D2FD766E400AB6443 /* LaunchScreen.storyboard in Resources */,
				78FE83A22FD766E400AB6443 /* Main.html in Resources */,
				78FE83A82FD766E400AB6443 /* Script.js in Resources */,
				78FE83AC2FD766E400AB6443 /* Assets.xcassets in Resources */,
				78FE83802FD766E400AB6443 /* Main.storyboard in Resources */,
				78FE83A62FD766E400AB6443 /* Style.css in Resources */,
			);
			runOnlyForDeploymentPostprocessing = 0;
		};
		78FE83842FD766E400AB6443 /* Resources */ = {
			isa = PBXResourcesBuildPhase;
			buildActionMask = 2147483647;
			files = (
				78FE83A52FD766E400AB6443 /* Icon.png in Resources */,
				78FE83A72FD766E400AB6443 /* Style.css in Resources */,
				78FE838C2FD766E400AB6443 /* Main.storyboard in Resources */,
				78FE83A92FD766E400AB6443 /* Script.js in Resources */,
				78FE83AD2FD766E400AB6443 /* Assets.xcassets in Resources */,
				78FE83A32FD766E400AB6443 /* Main.html in Resources */,
			);
			runOnlyForDeploymentPostprocessing = 0;
		};
		78FE83902FD766E400AB6443 /* Resources */ = {
			isa = PBXResourcesBuildPhase;
			buildActionMask = 2147483647;
			files = (
				78FE83D22FD766E500AB6443 /* content.js in Resources */,
				78FE83CE2FD766E500AB6443 /* background.js in Resources */,
				78FE83D02FD766E500AB6443 /* icons in Resources */,
				78FE83D12FD766E500AB6443 /* manifest.json in Resources */,
				78FE83CF2FD766E500AB6443 /* popup.html in Resources */,
				78FE83CD2FD766E500AB6443 /* popup.js in Resources */,
			);
			runOnlyForDeploymentPostprocessing = 0;
		};
		78FE839A2FD766E400AB6443 /* Resources */ = {
			isa = PBXResourcesBuildPhase;
			buildActionMask = 2147483647;
			files = (
				78FE83CC2FD766E500AB6443 /* content.js in Resources */,
				78FE83C82FD766E500AB6443 /* background.js in Resources */,
				78FE83CA2FD766E500AB6443 /* icons in Resources */,
				78FE83CB2FD766E500AB6443 /* manifest.json in Resources */,
				78FE83C92FD766E500AB6443 /* popup.html in Resources */,
				78FE83C72FD766E500AB6443 /* popup.js in Resources */,
			);
			runOnlyForDeploymentPostprocessing = 0;
		};
/* End PBXResourcesBuildPhase section */

/* Begin PBXSourcesBuildPhase section */
		78FE83702FD766E400AB6443 /* Sources */ = {
			isa = PBXSourcesBuildPhase;
			buildActionMask = 2147483647;
			files = (
				78FE83AA2FD766E400AB6443 /* ViewController.swift in Sources */,
				78FE83782FD766E400AB6443 /* AppDelegate.swift in Sources */,
				78FE837A2FD766E400AB6443 /* SceneDelegate.swift in Sources */,
			);
			runOnlyForDeploymentPostprocessing = 0;
		};
		78FE83822FD766E400AB6443 /* Sources */ = {
			isa = PBXSourcesBuildPhase;
			buildActionMask = 2147483647;
			files = (
				78FE83AB2FD766E400AB6443 /* ViewController.swift in Sources */,
				78FE83892FD766E400AB6443 /* AppDelegate.swift in Sources */,
			);
			runOnlyForDeploymentPostprocessing = 0;
		};
		78FE838E2FD766E400AB6443 /* Sources */ = {
			isa = PBXSourcesBuildPhase;
			buildActionMask = 2147483647;
			files = (
				78FE83AE2FD766E400AB6443 /* SafariWebExtensionHandler.swift in Sources */,
			);
			runOnlyForDeploymentPostprocessing = 0;
		};
		78FE83982FD766E400AB6443 /* Sources */ = {
			isa = PBXSourcesBuildPhase;
			buildActionMask = 2147483647;
			files = (
				78FE83AF2FD766E400AB6443 /* SafariWebExtensionHandler.swift in Sources */,
			);
			runOnlyForDeploymentPostprocessing = 0;
		};
/* End PBXSourcesBuildPhase section */

/* Begin PBXTargetDependency section */
		78FE83952FD766E400AB6443 /* PBXTargetDependency */ = {
			isa = PBXTargetDependency;
			target = 78FE83912FD766E400AB6443 /* Brijio Extension (iOS) */;
			targetProxy = 78FE83942FD766E400AB6443 /* PBXContainerItemProxy */;
		};
		78FE839F2FD766E400AB6443 /* PBXTargetDependency */ = {
			isa = PBXTargetDependency;
			target = 78FE839B2FD766E400AB6443 /* Brijio Extension (macOS) */;
			targetProxy = 78FE839E2FD766E400AB6443 /* PBXContainerItemProxy */;
		};
/* End PBXTargetDependency section */

/* Begin PBXVariantGroup section */
		78FE83672FD766E300AB6443 /* Main.html */ = {
			isa = PBXVariantGroup;
			children = (
				78FE83682FD766E300AB6443 /* Base */,
			);
			name = Main.html;
			sourceTree = "<group>";
		};
		78FE837B2FD766E400AB6443 /* LaunchScreen.storyboard */ = {
			isa = PBXVariantGroup;
			children = (
				78FE837C2FD766E400AB6443 /* Base */,
			);
			name = LaunchScreen.storyboard;
			sourceTree = "<group>";
		};
		78FE837E2FD766E400AB6443 /* Main.storyboard */ = {
			isa = PBXVariantGroup;
			children = (
				78FE837F2FD766E400AB6443 /* Base */,
			);
			name = Main.storyboard;
			sourceTree = "<group>";
		};
		78FE838A2FD766E400AB6443 /* Main.storyboard */ = {
			isa = PBXVariantGroup;
			children = (
				78FE838B2FD766E400AB6443 /* Base */,
			);
			name = Main.storyboard;
			sourceTree = "<group>";
		};
/* End PBXVariantGroup section */

/* Begin XCBuildConfiguration section */
		78FE83B02FD766E400AB6443 /* Debug */ = {
			isa = XCBuildConfiguration;
			buildSettings = {
				ALWAYS_SEARCH_USER_PATHS = NO;
				ASSETCATALOG_COMPILER_GENERATE_SWIFT_ASSET_SYMBOL_EXTENSIONS = YES;
				CLANG_ANALYZER_NONNULL = YES;
				CLANG_ANALYZER_NUMBER_OBJECT_CONVERSION = YES_AGGRESSIVE;
				CLANG_CXX_LANGUAGE_STANDARD = "gnu++20";
				CLANG_ENABLE_MODULES = YES;
				CLANG_ENABLE_OBJC_ARC = YES;
				CLANG_ENABLE_OBJC_WEAK = YES;
				CLANG_WARN_BLOCK_CAPTURE_AUTORELEASING = YES;
				CLANG_WARN_BOOL_CONVERSION = YES;
				CLANG_WARN_COMMA = YES;
				CLANG_WARN_CONSTANT_CONVERSION = YES;
				CLANG_WARN_DEPRECATED_OBJC_IMPLEMENTATIONS = YES;
				CLANG_WARN_DIRECT_OBJC_ISA_USAGE = YES_ERROR;
				CLANG_WARN_DOCUMENTATION_COMMENTS = YES;
				CLANG_WARN_EMPTY_BODY = YES;
				CLANG_WARN_ENUM_CONVERSION = YES;
				CLANG_WARN_INFINITE_RECURSION = YES;
				CLANG_WARN_INT_CONVERSION = YES;
				CLANG_WARN_NON_LITERAL_NULL_CONVERSION = YES;
				CLANG_WARN_OBJC_IMPLICIT_RETAIN_SELF = YES;
				CLANG_WARN_OBJC_LITERAL_CONVERSION = YES;
				CLANG_WARN_OBJC_ROOT_CLASS = YES_ERROR;
				CLANG_WARN_QUOTED_INCLUDE_IN_FRAMEWORK_HEADER = YES;
				CLANG_WARN_RANGE_LOOP_ANALYSIS = YES;
				CLANG_WARN_STRICT_PROTOTYPES = YES;
				CLANG_WARN_SUSPICIOUS_MOVE = YES;
				CLANG_WARN_UNGUARDED_AVAILABILITY = YES_AGGRESSIVE;
				CLANG_WARN_UNREACHABLE_CODE = YES;
				CLANG_WARN__DUPLICATE_METHOD_MATCH = YES;
				COPY_PHASE_STRIP = NO;
				DEBUG_INFORMATION_FORMAT = dwarf;
				ENABLE_STRICT_OBJC_MSGSEND = YES;
				ENABLE_TESTABILITY = YES;
				ENABLE_USER_SCRIPT_SANDBOXING = YES;
				GCC_C_LANGUAGE_STANDARD = gnu17;
				GCC_DYNAMIC_NO_PIC = NO;
				GCC_NO_COMMON_BLOCKS = YES;
				GCC_OPTIMIZATION_LEVEL = 0;
				GCC_PREPROCESSOR_DEFINITIONS = (
					"DEBUG=1",
					"$(inherited)",
				);
				GCC_WARN_64_TO_32_BIT_CONVERSION = YES;
				GCC_WARN_ABOUT_RETURN_TYPE = YES_ERROR;
				GCC_WARN_UNDECLARED_SELECTOR = YES;
				GCC_WARN_UNINITIALIZED_AUTOS = YES_AGGRESSIVE;
				GCC_WARN_UNUSED_FUNCTION = YES;
				GCC_WARN_UNUSED_VARIABLE = YES;
				LOCALIZATION_PREFERS_STRING_CATALOGS = YES;
				MTL_ENABLE_DEBUG_INFO = INCLUDE_SOURCE;
				MTL_FAST_MATH = YES;
				ONLY_ACTIVE_ARCH = YES;
				SWIFT_ACTIVE_COMPILATION_CONDITIONS = "DEBUG $(inherited)";
				SWIFT_OPTIMIZATION_LEVEL = "-Onone";
			};
			name = Debug;
		};
		78FE83B12FD766E400AB6443 /* Release */ = {
			isa = XCBuildConfiguration;
			buildSettings = {
				ALWAYS_SEARCH_USER_PATHS = NO;
				ASSETCATALOG_COMPILER_GENERATE_SWIFT_ASSET_SYMBOL_EXTENSIONS = YES;
				CLANG_ANALYZER_NONNULL = YES;
				CLANG_ANALYZER_NUMBER_OBJECT_CONVERSION = YES_AGGRESSIVE;
				CLANG_CXX_LANGUAGE_STANDARD = "gnu++20";
				CLANG_ENABLE_MODULES = YES;
				CLANG_ENABLE_OBJC_ARC = YES;
				CLANG_ENABLE_OBJC_WEAK = YES;
				CLANG_WARN_BLOCK_CAPTURE_AUTORELEASING = YES;
				CLANG_WARN_BOOL_CONVERSION = YES;
				CLANG_WARN_COMMA = YES;
				CLANG_WARN_CONSTANT_CONVERSION = YES;
				CLANG_WARN_DEPRECATED_OBJC_IMPLEMENTATIONS = YES;
				CLANG_WARN_DIRECT_OBJC_ISA_USAGE = YES_ERROR;
				CLANG_WARN_DOCUMENTATION_COMMENTS = YES;
				CLANG_WARN_EMPTY_BODY = YES;
				CLANG_WARN_ENUM_CONVERSION = YES;
				CLANG_WARN_INFINITE_RECURSION = YES;
				CLANG_WARN_INT_CONVERSION = YES;
				CLANG_WARN_NON_LITERAL_NULL_CONVERSION = YES;
				CLANG_WARN_OBJC_IMPLICIT_RETAIN_SELF = YES;
				CLANG_WARN_OBJC_LITERAL_CONVERSION = YES;
				CLANG_WARN_OBJC_ROOT_CLASS = YES_ERROR;
				CLANG_WARN_QUOTED_INCLUDE_IN_FRAMEWORK_HEADER = YES;
				CLANG_WARN_RANGE_LOOP_ANALYSIS = YES;
				CLANG_WARN_STRICT_PROTOTYPES = YES;
				CLANG_WARN_SUSPICIOUS_MOVE = YES;
				CLANG_WARN_UNGUARDED_AVAILABILITY = YES_AGGRESSIVE;
				CLANG_WARN_UNREACHABLE_CODE = YES;
				CLANG_WARN__DUPLICATE_METHOD_MATCH = YES;
				COPY_PHASE_STRIP = NO;
				DEBUG_INFORMATION_FORMAT = "dwarf-with-dsym";
				ENABLE_NS_ASSERTIONS = NO;
				ENABLE_STRICT_OBJC_MSGSEND = YES;
				ENABLE_USER_SCRIPT_SANDBOXING = YES;
				GCC_C_LANGUAGE_STANDARD = gnu17;
				GCC_NO_COMMON_BLOCKS = YES;
				GCC_WARN_64_TO_32_BIT_CONVERSION = YES;
				GCC_WARN_ABOUT_RETURN_TYPE = YES_ERROR;
				GCC_WARN_UNDECLARED_SELECTOR = YES;
				GCC_WARN_UNINITIALIZED_AUTOS = YES_AGGRESSIVE;
				GCC_WARN_UNUSED_FUNCTION = YES;
				GCC_WARN_UNUSED_VARIABLE = YES;
				LOCALIZATION_PREFERS_STRING_CATALOGS = YES;
				MTL_ENABLE_DEBUG_INFO = NO;
				MTL_FAST_MATH = YES;
				SWIFT_COMPILATION_MODE = wholemodule;
			};
			name = Release;
		};
		78FE83B32FD766E400AB6443 /* Debug */ = {
			isa = XCBuildConfiguration;
			buildSettings = {
				CODE_SIGN_STYLE = Automatic;
				CURRENT_PROJECT_VERSION = 1;
				DEVELOPMENT_TEAM = C932AF9CU7;
				GENERATE_INFOPLIST_FILE = YES;
				INFOPLIST_FILE = "iOS (Extension)/Info.plist";
				INFOPLIST_KEY_CFBundleDisplayName = "Brijio Extension";
				INFOPLIST_KEY_NSHumanReadableCopyright = "";
				IPHONEOS_DEPLOYMENT_TARGET = 15.0;
				LD_RUNPATH_SEARCH_PATHS = (
					"$(inherited)",
					"@executable_path/Frameworks",
					"@executable_path/../../Frameworks",
				);
				MARKETING_VERSION = 1.0;
				OTHER_LDFLAGS = (
					"-framework",
					SafariServices,
				);
				PRODUCT_BUNDLE_IDENTIFIER = uk.co.redvex.Brijio.Extension;
				PRODUCT_NAME = "Brijio Extension";
				SDKROOT = iphoneos;
				SKIP_INSTALL = YES;
				STRING_CATALOG_GENERATE_SYMBOLS = YES;
				SWIFT_APPROACHABLE_CONCURRENCY = YES;
				SWIFT_EMIT_LOC_STRINGS = YES;
				SWIFT_UPCOMING_FEATURE_MEMBER_IMPORT_VISIBILITY = YES;
				SWIFT_VERSION = 5.0;
				TARGETED_DEVICE_FAMILY = "1,2";
			};
			name = Debug;
		};
		78FE83B42FD766E400AB6443 /* Release */ = {
			isa = XCBuildConfiguration;
			buildSettings = {
				CODE_SIGN_STYLE = Automatic;
				CURRENT_PROJECT_VERSION = 1;
				DEVELOPMENT_TEAM = C932AF9CU7;
				GENERATE_INFOPLIST_FILE = YES;
				INFOPLIST_FILE = "iOS (Extension)/Info.plist";
				INFOPLIST_KEY_CFBundleDisplayName = "Brijio Extension";
				INFOPLIST_KEY_NSHumanReadableCopyright = "";
				IPHONEOS_DEPLOYMENT_TARGET = 15.0;
				LD_RUNPATH_SEARCH_PATHS = (
					"$(inherited)",
					"@executable_path/Frameworks",
					"@executable_path/../../Frameworks",
				);
				MARKETING_VERSION = 1.0;
				OTHER_LDFLAGS = (
					"-framework",
					SafariServices,
				);
				PRODUCT_BUNDLE_IDENTIFIER = uk.co.redvex.Brijio.Extension;
				PRODUCT_NAME = "Brijio Extension";
				SDKROOT = iphoneos;
				SKIP_INSTALL = YES;
				STRING_CATALOG_GENERATE_SYMBOLS = YES;
				SWIFT_APPROACHABLE_CONCURRENCY = YES;
				SWIFT_EMIT_LOC_STRINGS = YES;
				SWIFT_UPCOMING_FEATURE_MEMBER_IMPORT_VISIBILITY = YES;
				SWIFT_VERSION = 5.0;
				TARGETED_DEVICE_FAMILY = "1,2";
				VALIDATE_PRODUCT = YES;
			};
			name = Release;
		};
		78FE83B72FD766E400AB6443 /* Debug */ = {
			isa = XCBuildConfiguration;
			buildSettings = {
				ASSETCATALOG_COMPILER_APPICON_NAME = AppIcon;
				ASSETCATALOG_COMPILER_GLOBAL_ACCENT_COLOR_NAME = AccentColor;
				CODE_SIGN_STYLE = Automatic;
				CURRENT_PROJECT_VERSION = 1;
				DEVELOPMENT_TEAM = C932AF9CU7;
				GENERATE_INFOPLIST_FILE = YES;
				INFOPLIST_FILE = "iOS (App)/Info.plist";
				INFOPLIST_KEY_CFBundleDisplayName = Brijio;
				INFOPLIST_KEY_UIApplicationSupportsIndirectInputEvents = YES;
				INFOPLIST_KEY_UILaunchStoryboardName = LaunchScreen;
				INFOPLIST_KEY_UIMainStoryboardFile = Main;
				INFOPLIST_KEY_UISupportedInterfaceOrientations = "UIInterfaceOrientationPortrait UIInterfaceOrientationLandscapeLeft UIInterfaceOrientationLandscapeRight";
				INFOPLIST_KEY_UISupportedInterfaceOrientations_iPad = "UIInterfaceOrientationPortrait UIInterfaceOrientationPortraitUpsideDown UIInterfaceOrientationLandscapeLeft UIInterfaceOrientationLandscapeRight";
				IPHONEOS_DEPLOYMENT_TARGET = 15.0;
				LD_RUNPATH_SEARCH_PATHS = (
					"$(inherited)",
					"@executable_path/Frameworks",
				);
				MARKETING_VERSION = 1.0;
				OTHER_LDFLAGS = (
					"-framework",
					SafariServices,
					"-framework",
					WebKit,
				);
				PRODUCT_BUNDLE_IDENTIFIER = uk.co.redvex.Brijio;
				PRODUCT_NAME = Brijio;
				SDKROOT = iphoneos;
				STRING_CATALOG_GENERATE_SYMBOLS = YES;
				SWIFT_APPROACHABLE_CONCURRENCY = YES;
				SWIFT_DEFAULT_ACTOR_ISOLATION = MainActor;
				SWIFT_EMIT_LOC_STRINGS = YES;
				SWIFT_UPCOMING_FEATURE_MEMBER_IMPORT_VISIBILITY = YES;
				SWIFT_VERSION = 5.0;
				TARGETED_DEVICE_FAMILY = "1,2";
			};
			name = Debug;
		};
		78FE83B82FD766E400AB6443 /* Release */ = {
			isa = XCBuildConfiguration;
			buildSettings = {
				ASSETCATALOG_COMPILER_APPICON_NAME = AppIcon;
				ASSETCATALOG_COMPILER_GLOBAL_ACCENT_COLOR_NAME = AccentColor;
				CODE_SIGN_STYLE = Automatic;
				CURRENT_PROJECT_VERSION = 1;
				DEVELOPMENT_TEAM = C932AF9CU7;
				GENERATE_INFOPLIST_FILE = YES;
				INFOPLIST_FILE = "iOS (App)/Info.plist";
				INFOPLIST_KEY_CFBundleDisplayName = Brijio;
				INFOPLIST_KEY_UIApplicationSupportsIndirectInputEvents = YES;
				INFOPLIST_KEY_UILaunchStoryboardName = LaunchScreen;
				INFOPLIST_KEY_UIMainStoryboardFile = Main;
				INFOPLIST_KEY_UISupportedInterfaceOrientations = "UIInterfaceOrientationPortrait UIInterfaceOrientationLandscapeLeft UIInterfaceOrientationLandscapeRight";
				INFOPLIST_KEY_UISupportedInterfaceOrientations_iPad = "UIInterfaceOrientationPortrait UIInterfaceOrientationPortraitUpsideDown UIInterfaceOrientationLandscapeLeft UIInterfaceOrientationLandscapeRight";
				IPHONEOS_DEPLOYMENT_TARGET = 15.0;
				LD_RUNPATH_SEARCH_PATHS = (
					"$(inherited)",
					"@executable_path/Frameworks",
				);
				MARKETING_VERSION = 1.0;
				OTHER_LDFLAGS = (
					"-framework",
					SafariServices,
					"-framework",
					WebKit,
				);
				PRODUCT_BUNDLE_IDENTIFIER = uk.co.redvex.Brijio;
				PRODUCT_NAME = Brijio;
				SDKROOT = iphoneos;
				STRING_CATALOG_GENERATE_SYMBOLS = YES;
				SWIFT_APPROACHABLE_CONCURRENCY = YES;
				SWIFT_DEFAULT_ACTOR_ISOLATION = MainActor;
				SWIFT_EMIT_LOC_STRINGS = YES;
				SWIFT_UPCOMING_FEATURE_MEMBER_IMPORT_VISIBILITY = YES;
				SWIFT_VERSION = 5.0;
				TARGETED_DEVICE_FAMILY = "1,2";
				VALIDATE_PRODUCT = YES;
			};
			name = Release;
		};
		78FE83BA2FD766E400AB6443 /* Debug */ = {
			isa = XCBuildConfiguration;
			buildSettings = {
				CODE_SIGN_STYLE = Automatic;
				CURRENT_PROJECT_VERSION = 1;
				DEVELOPMENT_TEAM = C932AF9CU7;
				ENABLE_APP_SANDBOX = YES;
				ENABLE_HARDENED_RUNTIME = YES;
				ENABLE_USER_SELECTED_FILES = readonly;
				GENERATE_INFOPLIST_FILE = YES;
				INFOPLIST_FILE = "macOS (Extension)/Info.plist";
				INFOPLIST_KEY_CFBundleDisplayName = "Brijio Extension";
				INFOPLIST_KEY_NSHumanReadableCopyright = "";
				LD_RUNPATH_SEARCH_PATHS = (
					"$(inherited)",
					"@executable_path/../Frameworks",
					"@executable_path/../../../../Frameworks",
				);
				MACOSX_DEPLOYMENT_TARGET = 10.14;
				MARKETING_VERSION = 1.0;
				OTHER_LDFLAGS = (
					"-framework",
					SafariServices,
				);
				PRODUCT_BUNDLE_IDENTIFIER = uk.co.redvex.Brijio.Extension;
				PRODUCT_NAME = "Brijio Extension";
				SDKROOT = macosx;
				SKIP_INSTALL = YES;
				STRING_CATALOG_GENERATE_SYMBOLS = YES;
				SWIFT_APPROACHABLE_CONCURRENCY = YES;
				SWIFT_EMIT_LOC_STRINGS = YES;
				SWIFT_UPCOMING_FEATURE_MEMBER_IMPORT_VISIBILITY = YES;
				SWIFT_VERSION = 5.0;
			};
			name = Debug;
		};
		78FE83BB2FD766E400AB6443 /* Release */ = {
			isa = XCBuildConfiguration;
			buildSettings = {
				CODE_SIGN_STYLE = Automatic;
				CURRENT_PROJECT_VERSION = 1;
				DEVELOPMENT_TEAM = C932AF9CU7;
				ENABLE_APP_SANDBOX = YES;
				ENABLE_HARDENED_RUNTIME = YES;
				ENABLE_USER_SELECTED_FILES = readonly;
				GENERATE_INFOPLIST_FILE = YES;
				INFOPLIST_FILE = "macOS (Extension)/Info.plist";
				INFOPLIST_KEY_CFBundleDisplayName = "Brijio Extension";
				INFOPLIST_KEY_NSHumanReadableCopyright = "";
				LD_RUNPATH_SEARCH_PATHS = (
					"$(inherited)",
					"@executable_path/../Frameworks",
					"@executable_path/../../../../Frameworks",
				);
				MACOSX_DEPLOYMENT_TARGET = 10.14;
				MARKETING_VERSION = 1.0;
				OTHER_LDFLAGS = (
					"-framework",
					SafariServices,
				);
				PRODUCT_BUNDLE_IDENTIFIER = uk.co.redvex.Brijio.Extension;
				PRODUCT_NAME = "Brijio Extension";
				SDKROOT = macosx;
				SKIP_INSTALL = YES;
				STRING_CATALOG_GENERATE_SYMBOLS = YES;
				SWIFT_APPROACHABLE_CONCURRENCY = YES;
				SWIFT_EMIT_LOC_STRINGS = YES;
				SWIFT_UPCOMING_FEATURE_MEMBER_IMPORT_VISIBILITY = YES;
				SWIFT_VERSION = 5.0;
			};
			name = Release;
		};
		78FE83BE2FD766E400AB6443 /* Debug */ = {
			isa = XCBuildConfiguration;
			buildSettings = {
				ASSETCATALOG_COMPILER_APPICON_NAME = AppIcon;
				ASSETCATALOG_COMPILER_GLOBAL_ACCENT_COLOR_NAME = AccentColor;
				CODE_SIGN_STYLE = Automatic;
				CURRENT_PROJECT_VERSION = 1;
				DEVELOPMENT_TEAM = C932AF9CU7;
				ENABLE_APP_SANDBOX = YES;
				ENABLE_HARDENED_RUNTIME = YES;
				ENABLE_OUTGOING_NETWORK_CONNECTIONS = YES;
				ENABLE_USER_SELECTED_FILES = readonly;
				GENERATE_INFOPLIST_FILE = YES;
				INFOPLIST_FILE = "macOS (App)/Info.plist";
				INFOPLIST_KEY_CFBundleDisplayName = Brijio;
				INFOPLIST_KEY_NSMainStoryboardFile = Main;
				INFOPLIST_KEY_NSPrincipalClass = NSApplication;
				LD_RUNPATH_SEARCH_PATHS = (
					"$(inherited)",
					"@executable_path/../Frameworks",
				);
				MACOSX_DEPLOYMENT_TARGET = 10.14;
				MARKETING_VERSION = 1.0;
				OTHER_LDFLAGS = (
					"-framework",
					SafariServices,
					"-framework",
					WebKit,
				);
				PRODUCT_BUNDLE_IDENTIFIER = uk.co.redvex.Brijio;
				PRODUCT_NAME = Brijio;
				REGISTER_APP_GROUPS = YES;
				SDKROOT = macosx;
				STRING_CATALOG_GENERATE_SYMBOLS = YES;
				SWIFT_APPROACHABLE_CONCURRENCY = YES;
				SWIFT_DEFAULT_ACTOR_ISOLATION = MainActor;
				SWIFT_EMIT_LOC_STRINGS = YES;
				SWIFT_UPCOMING_FEATURE_MEMBER_IMPORT_VISIBILITY = YES;
				SWIFT_VERSION = 5.0;
			};
			name = Debug;
		};
		78FE83BF2FD766E400AB6443 /* Release */ = {
			isa = XCBuildConfiguration;
			buildSettings = {
				ASSETCATALOG_COMPILER_APPICON_NAME = AppIcon;
				ASSETCATALOG_COMPILER_GLOBAL_ACCENT_COLOR_NAME = AccentColor;
				CODE_SIGN_STYLE = Automatic;
				CURRENT_PROJECT_VERSION = 1;
				DEVELOPMENT_TEAM = C932AF9CU7;
				ENABLE_APP_SANDBOX = YES;
				ENABLE_HARDENED_RUNTIME = YES;
				ENABLE_OUTGOING_NETWORK_CONNECTIONS = YES;
				ENABLE_USER_SELECTED_FILES = readonly;
				GENERATE_INFOPLIST_FILE = YES;
				INFOPLIST_FILE = "macOS (App)/Info.plist";
				INFOPLIST_KEY_CFBundleDisplayName = Brijio;
				INFOPLIST_KEY_NSMainStoryboardFile = Main;
				INFOPLIST_KEY_NSPrincipalClass = NSApplication;
				LD_RUNPATH_SEARCH_PATHS = (
					"$(inherited)",
					"@executable_path/../Frameworks",
				);
				MACOSX_DEPLOYMENT_TARGET = 10.14;
				MARKETING_VERSION = 1.0;
				OTHER_LDFLAGS = (
					"-framework",
					SafariServices,
					"-framework",
					WebKit,
				);
				PRODUCT_BUNDLE_IDENTIFIER = uk.co.redvex.Brijio;
				PRODUCT_NAME = Brijio;
				REGISTER_APP_GROUPS = YES;
				SDKROOT = macosx;
				STRING_CATALOG_GENERATE_SYMBOLS = YES;
				SWIFT_APPROACHABLE_CONCURRENCY = YES;
				SWIFT_DEFAULT_ACTOR_ISOLATION = MainActor;
				SWIFT_EMIT_LOC_STRINGS = YES;
				SWIFT_UPCOMING_FEATURE_MEMBER_IMPORT_VISIBILITY = YES;
				SWIFT_VERSION = 5.0;
			};
			name = Release;
		};
/* End XCBuildConfiguration section */

/* Begin XCConfigurationList section */
		78FE83642FD766E300AB6443 /* Build configuration list for PBXProject "Brijio" */ = {
			isa = XCConfigurationList;
			buildConfigurations = (
				78FE83B02FD766E400AB6443 /* Debug */,
				78FE83B12FD766E400AB6443 /* Release */,
			);
			defaultConfigurationIsVisible = 0;
			defaultConfigurationName = Release;
		};
		78FE83B22FD766E400AB6443 /* Build configuration list for PBXNativeTarget "Brijio Extension (iOS)" */ = {
			isa = XCConfigurationList;
			buildConfigurations = (
				78FE83B32FD766E400AB6443 /* Debug */,
				78FE83B42FD766E400AB6443 /* Release */,
			);
			defaultConfigurationIsVisible = 0;
			defaultConfigurationName = Release;
		};
		78FE83B62FD766E400AB6443 /* Build configuration list for PBXNativeTarget "Brijio (iOS)" */ = {
			isa = XCConfigurationList;
			buildConfigurations = (
				78FE83B72FD766E400AB6443 /* Debug */,
				78FE83B82FD766E400AB6443 /* Release */,
			);
			defaultConfigurationIsVisible = 0;
			defaultConfigurationName = Release;
		};
		78FE83B92FD766E400AB6443 /* Build configuration list for PBXNativeTarget "Brijio Extension (macOS)" */ = {
			isa = XCConfigurationList;
			buildConfigurations = (
				78FE83BA2FD766E400AB6443 /* Debug */,
				78FE83BB2FD766E400AB6443 /* Release */,
			);
			defaultConfigurationIsVisible = 0;
			defaultConfigurationName = Release;
		};
		78FE83BD2FD766E400AB6443 /* Build configuration list for PBXNativeTarget "Brijio (macOS)" */ = {
			isa = XCConfigurationList;
			buildConfigurations = (
				78FE83BE2FD766E400AB6443 /* Debug */,
				78FE83BF2FD766E400AB6443 /* Release */,
			);
			defaultConfigurationIsVisible = 0;
			defaultConfigurationName = Release;
		};
/* End XCConfigurationList section */
	};
	rootObject = 78FE83612FD766E300AB6443 /* Project object */;
}
